// !$*UTF8*$!
{
	archiveVersion = 1;
	classes = {
	};
	objectVersion = 77;
	objects = {

/* Begin PBXBuildFile section */
		2E245CA62E5317900085B958 /* Assets.xcassets in Resources */ = {isa = PBXBuildFile; fileRef = 2E245CA02E5317900085B958 /* Assets.xcassets */; };
		2E245CA82E5317900085B958 /* LaunchScreen.storyboard in Resources */ = {isa = PBXBuildFile; fileRef = 2E245CA32E5317900085B958 /* LaunchScreen.storyboard */; };
		2E245CA92E5317900085B958 /* AppDelegate.swift in Sources */ = {isa = PBXBuildFile; fileRef = 2E245C9F2E5317900085B958 /* AppDelegate.swift */; };
		2E245CAA2E5317900085B958 /* SceneDelegate.swift in Sources */ = {isa = PBXBuildFile; fileRef = 2E245CA42E5317900085B958 /* SceneDelegate.swift */; };
		2E245CAE2E53179F0085B958 /* GeoMemoriesTests.swift in Sources */ = {isa = PBXBuildFile; fileRef = 2E245CAC2E53179F0085B958 /* GeoMemoriesTests.swift */; };
		2E245CB22E5317A10085B958 /* GeoMemoriesUITests.swift in Sources */ = {isa = PBXBuildFile; fileRef = 2E245CAF2E5317A10085B958 /* GeoMemoriesUITests.swift */; };
		2E245CB32E5317A10085B958 /* GeoMemoriesUITestsLaunchTests.swift in Sources */ = {isa = PBXBuildFile; fileRef = 2E245CB02E5317A10085B958 /* GeoMemoriesUITestsLaunchTests.swift */; };
		2E245CB72E531C120085B958 /* KeychainAccess in Frameworks */ = {isa = PBXBuildFile; productRef = 2E245CB62E531C120085B958 /* KeychainAccess */; };
		2E245CBB2E531F860085B958 /* SnapKit in Frameworks */ = {isa = PBXBuildFile; productRef = 2E245CBA2E531F860085B958 /* SnapKit */; };
		2E245CC12E5321A70085B958 /* CoreStore in Frameworks */ = {isa = PBXBuildFile; productRef = 2E245CC02E5321A70085B958 /* CoreStore */; };
/* End PBXBuildFile section */

/* Begin PBXContainerItemProxy section */
		2E245C822E5316720085B958 /* PBXContainerItemProxy */ = {
			isa = PBXContainerItemProxy;
			containerPortal = 2E245C632E5316710085B958 /* Project object */;
			proxyType = 1;
			remoteGlobalIDString = 2E245C6A2E5316710085B958;
			remoteInfo = GeoMemories;
		};
		2E245C8C2E5316720085B958 /* PBXContainerItemProxy */ = {
			isa = PBXContainerItemProxy;
			containerPortal = 2E245C632E5316710085B958 /* Project object */;
			proxyType = 1;
			remoteGlobalIDString = 2E245C6A2E5316710085B958;
			remoteInfo = GeoMemories;
		};
/* End PBXContainerItemProxy section */

/* Begin PBXFileReference section */
		2E245C6B2E5316710085B958 /* GeoMemories.app */ = {isa = PBXFileReference; explicitFileType = wrapper.application; includeInIndex = 0; path = GeoMemories.app; sourceTree = BUILT_PRODUCTS_DIR; };
		2E245C812E5316720085B958 /* GeoMemoriesTests.xctest */ = {isa = PBXFileReference; explicitFileType = wrapper.cfbundle; includeInIndex = 0; path = GeoMemoriesTests.xctest; sourceTree = BUILT_PRODUCTS_DIR; };
		2E245C8B2E5316720085B958 /* GeoMemoriesUITests.xctest */ = {isa = PBXFileReference; explicitFileType = wrapper.cfbundle; includeInIndex = 0; path = GeoMemoriesUITests.xctest; sourceTree = BUILT_PRODUCTS_DIR; };
		2E245C9F2E5317900085B958 /* AppDelegate.swift */ = {isa = PBXFileReference; lastKnownFileType = sourcecode.swift; path = AppDelegate.swift; sourceTree = "<group>"; };
		2E245CA02E5317900085B958 /* Assets.xcassets */ = {isa = PBXFileReference; lastKnownFileType = folder.assetcatalog; path = Assets.xcassets; sourceTree = "<group>"; };
		2E245CA12E5317900085B958 /* Info.plist */ = {isa = PBXFileReference; lastKnownFileType = text.plist.xml; path = Info.plist; sourceTree = "<group>"; };
		2E245CA22E5317900085B958 /* Base */ = {isa = PBXFileReference; lastKnownFileType = file.storyboard; name = Base; path = Base.lproj/LaunchScreen.storyboard; sourceTree = "<group>"; };
		2E245CA42E5317900085B958 /* SceneDelegate.swift */ = {isa = PBXFileReference; lastKnownFileType = sourcecode.swift; path = SceneDelegate.swift; sourceTree = "<group>"; };
		2E245CAC2E53179F0085B958 /* GeoMemoriesTests.swift */ = {isa = PBXFileReference; lastKnownFileType = sourcecode.swift; path = GeoMemoriesTests.swift; sourceTree = "<group>"; };
		2E245CAF2E5317A10085B958 /* GeoMemoriesUITests.swift */ = {isa = PBXFileReference; lastKnownFileType = sourcecode.swift; path = GeoMemoriesUITests.swift; sourceTree = "<group>"; };
		2E245CB02E5317A10085B958 /* GeoMemoriesUITestsLaunchTests.swift */ = {isa = PBXFileReference; lastKnownFileType = sourcecode.swift; path = GeoMemoriesUITestsLaunchTests.swift; sourceTree = "<group>"; };
/* End PBXFileReference section */

/* Begin PBXFrameworksBuildPhase section */
		2E245C682E5316710085B958 /* Frameworks */ = {
			isa = PBXFrameworksBuildPhase;
			buildActionMask = 2147483647;
			files = (
				2E245CB72E531C120085B958 /* KeychainAccess in Frameworks */,
				2E245CC12E5321A70085B958 /* CoreStore in Frameworks */,
				2E245CBB2E531F860085B958 /* SnapKit in Frameworks */,
			);
			runOnlyForDeploymentPostprocessing = 0;
		};
		2E245C7E2E5316720085B958 /* Frameworks */ = {
			isa = PBXFrameworksBuildPhase;
			buildActionMask = 2147483647;
			files = (
			);
			runOnlyForDeploymentPostprocessing = 0;
		};
		2E245C882E5316720085B958 /* Frameworks */ = {
			isa = PBXFrameworksBuildPhase;
			buildActionMask = 2147483647;
			files = (
			);
			runOnlyForDeploymentPostprocessing = 0;
		};
/* End PBXFrameworksBuildPhase section */

/* Begin PBXGroup section */
		2E245C622E5316710085B958 = {
			isa = PBXGroup;
			children = (
				2E245CA52E5317900085B958 /* GeoMemories */,
				2E245CAD2E53179F0085B958 /* GeoMemoriesTests */,
				2E245CB12E5317A10085B958 /* GeoMemoriesUITests */,
				2E245C6C2E5316710085B958 /* Products */,
			);
			sourceTree = "<group>";
		};
		2E245C6C2E5316710085B958 /* Products */ = {
			isa = PBXGroup;
			children = (
				2E245C6B2E5316710085B958 /* GeoMemories.app */,
				2E245C812E5316720085B958 /* GeoMemoriesTests.xctest */,
				2E245C8B2E5316720085B958 /* GeoMemoriesUITests.xctest */,
			);
			name = Products;
			sourceTree = "<group>";
		};
		2E245CA52E5317900085B958 /* GeoMemories */ = {
			isa = PBXGroup;
			children = (
				2E245CB42E5317EE0085B958 /* LaunchScreen */,
				2E245CA02E5317900085B958 /* Assets.xcassets */,
				2E245C9F2E5317900085B958 /* AppDelegate.swift */,
				2E245CA42E5317900085B958 /* SceneDelegate.swift */,
				2E245CA12E5317900085B958 /* Info.plist */,
			);
			path = GeoMemories;
			sourceTree = "<group>";
		};
		2E245CAD2E53179F0085B958 /* GeoMemoriesTests */ = {
			isa = PBXGroup;
			children = (
				2E245CAC2E53179F0085B958 /* GeoMemoriesTests.swift */,
			);
			path = GeoMemoriesTests;
			sourceTree = "<group>";
		};
		2E245CB12E5317A10085B958 /* GeoMemoriesUITests */ = {
			isa = PBXGroup;
			children = (
				2E245CAF2E5317A10085B958 /* GeoMemoriesUITests.swift */,
				2E245CB02E5317A10085B958 /* GeoMemoriesUITestsLaunchTests.swift */,
			);
			path = GeoMemoriesUITests;
			sourceTree = "<group>";
		};
		2E245CB42E5317EE0085B958 /* LaunchScreen */ = {
			isa = PBXGroup;
			children = (
				2E245CA32E5317900085B958 /* LaunchScreen.storyboard */,
			);
			path = LaunchScreen;
			sourceTree = "<group>";
		};
/* End PBXGroup section */

/* Begin PBXNativeTarget section */
		2E245C6A2E5316710085B958 /* GeoMemories */ = {
			isa = PBXNativeTarget;
			buildConfigurationList = 2E245C942E5316720085B958 /* Build configuration list for PBXNativeTarget "GeoMemories" */;
			buildPhases = (
				2E245C672E5316710085B958 /* Sources */,
				2E245C682E5316710085B958 /* Frameworks */,
				2E245C692E5316710085B958 /* Resources */,
			);
			buildRules = (
			);
			dependencies = (
				2E245CC32E53242A0085B958 /* PBXTargetDependency */,
			);
			name = GeoMemories;
			packageProductDependencies = (
				2E245CB62E531C120085B958 /* KeychainAccess */,
				2E245CBA2E531F860085B958 /* SnapKit */,
				2E245CC02E5321A70085B958 /* CoreStore */,
			);
			productName = GeoMemories;
			productReference = 2E245C6B2E5316710085B958 /* GeoMemories.app */;
			productType = "com.apple.product-type.application";
		};
		2E245C802E5316720085B958 /* GeoMemoriesTests */ = {
			isa = PBXNativeTarget;
			buildConfigurationList = 2E245C992E5316720085B958 /* Build configuration list for PBXNativeTarget "GeoMemoriesTests" */;
			buildPhases = (
				2E245C7D2E5316720085B958 /* Sources */,
				2E245C7E2E5316720085B958 /* Frameworks */,
				2E245C7F2E5316720085B958 /* Resources */,
			);
			buildRules = (
			);
			dependencies = (
				2E245C832E5316720085B958 /* PBXTargetDependency */,
			);
			name = GeoMemoriesTests;
			packageProductDependencies = (
			);
			productName = GeoMemoriesTests;
			productReference = 2E245C812E5316720085B958 /* GeoMemoriesTests.xctest */;
			productType = "com.apple.product-type.bundle.unit-test";
		};
		2E245C8A2E5316720085B958 /* GeoMemoriesUITests */ = {
			isa = PBXNativeTarget;
			buildConfigurationList = 2E245C9C2E5316720085B958 /* Build configuration list for PBXNativeTarget "GeoMemoriesUITests" */;
			buildPhases = (
				2E245C872E5316720085B958 /* Sources */,
				2E245C882E5316720085B958 /* Frameworks */,
				2E245C892E5316720085B958 /* Resources */,
			);
			buildRules = (
			);
			dependencies = (
				2E245C8D2E5316720085B958 /* PBXTargetDependency */,
			);
			name = GeoMemoriesUITests;
			packageProductDependencies = (
			);
			productName = GeoMemoriesUITests;
			productReference = 2E245C8B2E5316720085B958 /* GeoMemoriesUITests.xctest */;
			productType = "com.apple.product-type.bundle.ui-testing";
		};
/* End PBXNativeTarget section */

/* Begin PBXProject section */
		2E245C632E5316710085B958 /* Project object */ = {
			isa = PBXProject;
			attributes = {
				BuildIndependentTargetsInParallel = 1;
				LastSwiftUpdateCheck = 2600;
				LastUpgradeCheck = 2600;
				TargetAttributes = {
					2E245C6A2E5316710085B958 = {
						CreatedOnToolsVersion = 26.0;
					};
					2E245C802E5316720085B958 = {
						CreatedOnToolsVersion = 26.0;
						TestTargetID = 2E245C6A2E5316710085B958;
					};
					2E245C8A2E5316720085B958 = {
						CreatedOnToolsVersion = 26.0;
						TestTargetID = 2E245C6A2E5316710085B958;
					};
				};
			};
			buildConfigurationList = 2E245C662E5316710085B958 /* Build configuration list for PBXProject "GeoMemories" */;
			developmentRegion = en;
			hasScannedForEncodings = 0;
			knownRegions = (
				en,
				Base,
			);
			mainGroup = 2E245C622E5316710085B958;
			minimizedProjectReferenceProxies = 1;
			packageReferences = (
				2E245CB52E531C120085B958 /* XCRemoteSwiftPackageReference "KeychainAccess" */,
				2E245CB82E531C540085B958 /* XCRemoteSwiftPackageReference "SwiftLintPlugins" */,
				2E245CB92E531F860085B958 /* XCRemoteSwiftPackageReference "SnapKit" */,
				2E245CBF2E5321A70085B958 /* XCRemoteSwiftPackageReference "CoreStore" */,
			);
			preferredProjectObjectVersion = 77;
			productRefGroup = 2E245C6C2E5316710085B958 /* Products */;
			projectDirPath = "";
			projectRoot = "";
			targets = (
				2E245C6A2E5316710085B958 /* GeoMemories */,
				2E245C802E5316720085B958 /* GeoMemoriesTests */,
				2E245C8A2E5316720085B958 /* GeoMemoriesUITests */,
			);
		};
/* End PBXProject section */

/* Begin PBXResourcesBuildPhase section */
		2E245C692E5316710085B958 /* Resources */ = {
			isa = PBXResourcesBuildPhase;
			buildActionMask = 2147483647;
			files = (
				2E245CA62E5317900085B958 /* Assets.xcassets in Resources */,
				2E245CA82E5317900085B958 /* LaunchScreen.storyboard in Resources */,
			);
			runOnlyForDeploymentPostprocessing = 0;
		};
		2E245C7F2E5316720085B958 /* Resources */ = {
			isa = PBXResourcesBuildPhase;
			buildActionMask = 2147483647;
			files = (
			);
			runOnlyForDeploymentPostprocessing = 0;
		};
		2E245C892E5316720085B958 /* Resources */ = {
			isa = PBXResourcesBuildPhase;
			buildActionMask = 2147483647;
			files = (
			);
			runOnlyForDeploymentPostprocessing = 0;
		};
/* End PBXResourcesBuildPhase section */

/* Begin PBXSourcesBuildPhase section */
		2E245C672E5316710085B958 /* Sources */ = {
			isa = PBXSourcesBuildPhase;
			buildActionMask = 2147483647;
			files = (
				2E245CA92E5317900085B958 /* AppDelegate.swift in Sources */,
				2E245CAA2E5317900085B958 /* SceneDelegate.swift in Sources */,
			);
			runOnlyForDeploymentPostprocessing = 0;
		};
		2E245C7D2E5316720085B958 /* Sources */ = {
			isa = PBXSourcesBuildPhase;
			buildActionMask = 2147483647;
			files = (
				2E245CAE2E53179F0085B958 /* GeoMemoriesTests.swift in Sources */,
			);
			runOnlyForDeploymentPostprocessing = 0;
		};
		2E245C872E5316720085B958 /* Sources */ = {
			isa = PBXSourcesBuildPhase;
			buildActionMask = 2147483647;
			files = (
				2E245CB22E5317A10085B958 /* GeoMemoriesUITests.swift in Sources */,
				2E245CB32E5317A10085B958 /* GeoMemoriesUITestsLaunchTests.swift in Sources */,
			);
			runOnlyForDeploymentPostprocessing = 0;
		};
/* End PBXSourcesBuildPhase section */

/* Begin PBXTargetDependency section */
		2E245C832E5316720085B958 /* PBXTargetDependency */ = {
			isa = PBXTargetDependency;
			target = 2E245C6A2E5316710085B958 /* GeoMemories */;
			targetProxy = 2E245C822E5316720085B958 /* PBXContainerItemProxy */;
		};
		2E245C8D2E5316720085B958 /* PBXTargetDependency */ = {
			isa = PBXTargetDependency;
			target = 2E245C6A2E5316710085B958 /* GeoMemories */;
			targetProxy = 2E245C8C2E5316720085B958 /* PBXContainerItemProxy */;
		};
		2E245CC32E53242A0085B958 /* PBXTargetDependency */ = {
			isa = PBXTargetDependency;
			productRef = 2E245CC22E53242A0085B958 /* SwiftLintBuildToolPlugin */;
		};
/* End PBXTargetDependency section */

/* Begin PBXVariantGroup section */
		2E245CA32E5317900085B958 /* LaunchScreen.storyboard */ = {
			isa = PBXVariantGroup;
			children = (
				2E245CA22E5317900085B958 /* Base */,
			);
			name = LaunchScreen.storyboard;
			sourceTree = "<group>";
		};
/* End PBXVariantGroup section */

/* Begin XCBuildConfiguration section */
		2E245C952E5316720085B958 /* Debug */ = {
			isa = XCBuildConfiguration;
			buildSettings = {
				ASSETCATALOG_COMPILER_APPICON_NAME = AppIcon;
				ASSETCATALOG_COMPILER_GLOBAL_ACCENT_COLOR_NAME = AccentColor;
				CODE_SIGN_STYLE = Automatic;
				CURRENT_PROJECT_VERSION = 1;
				DEVELOPMENT_TEAM = 7K76YFF2Z8;
				GENERATE_INFOPLIST_FILE = YES;
				INFOPLIST_FILE = GeoMemories/Info.plist;
				INFOPLIST_KEY_LSApplicationCategoryType = "public.app-category.entertainment";
				INFOPLIST_KEY_UIApplicationSupportsIndirectInputEvents = YES;
				INFOPLIST_KEY_UILaunchStoryboardName = LaunchScreen;
				INFOPLIST_KEY_UISupportedInterfaceOrientations = UIInterfaceOrientationPortrait;
				INFOPLIST_KEY_UISupportedInterfaceOrientations_iPad = "UIInterfaceOrientationLandscapeLeft UIInterfaceOrientationLandscapeRight UIInterfaceOrientationPortrait UIInterfaceOrientationPortraitUpsideDown";
				IPHONEOS_DEPLOYMENT_TARGET = 16.6;
				LD_RUNPATH_SEARCH_PATHS = (
					"$(inherited)",
					"@executable_path/Frameworks",
				);
				MARKETING_VERSION = 1.0;
				PRODUCT_BUNDLE_IDENTIFIER = com.arsnyan.GeoMemories;
				PRODUCT_NAME = "$(TARGET_NAME)";
				STRING_CATALOG_GENERATE_SYMBOLS = YES;
				SUPPORTED_PLATFORMS = "iphoneos iphonesimulator";
				SUPPORTS_MACCATALYST = NO;
				SUPPORTS_MAC_DESIGNED_FOR_IPHONE_IPAD = NO;
				SUPPORTS_XR_DESIGNED_FOR_IPHONE_IPAD = NO;
				SWIFT_APPROACHABLE_CONCURRENCY = YES;
				SWIFT_DEFAULT_ACTOR_ISOLATION = MainActor;
				SWIFT_EMIT_LOC_STRINGS = YES;
				SWIFT_UPCOMING_FEATURE_MEMBER_IMPORT_VISIBILITY = YES;
				SWIFT_VERSION = 5.0;
				TARGETED_DEVICE_FAMILY = 1;
			};
			name = Debug;
		};
		2E245C962E5316720085B958 /* Release */ = {
			isa = XCBuildConfiguration;
			buildSettings = {
				ASSETCATALOG_COMPILER_APPICON_NAME = AppIcon;
				ASSETCATALOG_COMPILER_GLOBAL_ACCENT_COLOR_NAME = AccentColor;
				CODE_SIGN_STYLE = Automatic;
				CURRENT_PROJECT_VERSION = 1;
				DEVELOPMENT_TEAM = 7K76YFF2Z8;
				GENERATE_INFOPLIST_FILE = YES;
				INFOPLIST_FILE = GeoMemories/Info.plist;
				INFOPLIST_KEY_LSApplicationCategoryType = "public.app-category.entertainment";
				INFOPLIST_KEY_UIApplicationSupportsIndirectInputEvents = YES;
				INFOPLIST_KEY_UILaunchStoryboardName = LaunchScreen;
				INFOPLIST_KEY_UISupportedInterfaceOrientations = UIInterfaceOrientationPortrait;
				INFOPLIST_KEY_UISupportedInterfaceOrientations_iPad = "UIInterfaceOrientationLandscapeLeft UIInterfaceOrientationLandscapeRight UIInterfaceOrientationPortrait UIInterfaceOrientationPortraitUpsideDown";
				IPHONEOS_DEPLOYMENT_TARGET = 16.6;
				LD_RUNPATH_SEARCH_PATHS = (
					"$(inherited)",
					"@executable_path/Frameworks",
				);
				MARKETING_VERSION = 1.0;
				PRODUCT_BUNDLE_IDENTIFIER = com.arsnyan.GeoMemories;
				PRODUCT_NAME = "$(TARGET_NAME)";
				STRING_CATALOG_GENERATE_SYMBOLS = YES;
				SUPPORTED_PLATFORMS = "iphoneos iphonesimulator";
				SUPPORTS_MACCATALYST = NO;
				SUPPORTS_MAC_DESIGNED_FOR_IPHONE_IPAD = NO;
				SUPPORTS_XR_DESIGNED_FOR_IPHONE_IPAD = NO;
				SWIFT_APPROACHABLE_CONCURRENCY = YES;
				SWIFT_DEFAULT_ACTOR_ISOLATION = MainActor;
				SWIFT_EMIT_LOC_STRINGS = YES;
				SWIFT_UPCOMING_FEATURE_MEMBER_IMPORT_VISIBILITY = YES;
				SWIFT_VERSION = 5.0;
				TARGETED_DEVICE_FAMILY = 1;
			};
			name = Release;
		};
		2E245C972E5316720085B958 /* Debug */ = {
			isa = XCBuildConfiguration;
			buildSettings = {
				ALWAYS_SEARCH_USER_PATHS = NO;
				ASSETCATALOG_COMPILER_GENERATE_SWIFT_ASSET_SYMBOL_EXTENSIONS = YES;
				CLANG_ANALYZER_NONNULL = YES;
				CLANG_ANALYZER_NUMBER_OBJECT_CONVERSION = YES_AGGRESSIVE;
				CLANG_CXX_LANGUAGE_STANDARD = "gnu++20";
				CLANG_ENABLE_MODULES = YES;
				CLANG_ENABLE_OBJC_ARC = YES;
				CLANG_ENABLE_OBJC_WEAK = YES;
				CLANG_WARN_BLOCK_CAPTURE_AUTORELEASING = YES;
				CLANG_WARN_BOOL_CONVERSION = YES;
				CLANG_WARN_COMMA = YES;
				CLANG_WARN_CONSTANT_CONVERSION = YES;
				CLANG_WARN_DEPRECATED_OBJC_IMPLEMENTATIONS = YES;
				CLANG_WARN_DIRECT_OBJC_ISA_USAGE = YES_ERROR;
				CLANG_WARN_DOCUMENTATION_COMMENTS = YES;
				CLANG_WARN_EMPTY_BODY = YES;
				CLANG_WARN_ENUM_CONVERSION = YES;
				CLANG_WARN_INFINITE_RECURSION = YES;
				CLANG_WARN_INT_CONVERSION = YES;
				CLANG_WARN_NON_LITERAL_NULL_CONVERSION = YES;
				CLANG_WARN_OBJC_IMPLICIT_RETAIN_SELF = YES;
				CLANG_WARN_OBJC_LITERAL_CONVERSION = YES;
				CLANG_WARN_OBJC_ROOT_CLASS = YES_ERROR;
				CLANG_WARN_QUOTED_INCLUDE_IN_FRAMEWORK_HEADER = YES;
				CLANG_WARN_RANGE_LOOP_ANALYSIS = YES;
				CLANG_WARN_STRICT_PROTOTYPES = YES;
				CLANG_WARN_SUSPICIOUS_MOVE = YES;
				CLANG_WARN_UNGUARDED_AVAILABILITY = YES_AGGRESSIVE;
				CLANG_WARN_UNREACHABLE_CODE = YES;
				CLANG_WARN__DUPLICATE_METHOD_MATCH = YES;
				COPY_PHASE_STRIP = NO;
				DEBUG_INFORMATION_FORMAT = dwarf;
				DEVELOPMENT_TEAM = 7K76YFF2Z8;
				ENABLE_STRICT_OBJC_MSGSEND = YES;
				ENABLE_TESTABILITY = YES;
				ENABLE_USER_SCRIPT_SANDBOXING = NO;
				GCC_C_LANGUAGE_STANDARD = gnu17;
				GCC_DYNAMIC_NO_PIC = NO;
				GCC_NO_COMMON_BLOCKS = YES;
				GCC_OPTIMIZATION_LEVEL = 0;
				GCC_PREPROCESSOR_DEFINITIONS = (
					"DEBUG=1",
					"$(inherited)",
				);
				GCC_WARN_64_TO_32_BIT_CONVERSION = YES;
				GCC_WARN_ABOUT_RETURN_TYPE = YES_ERROR;
				GCC_WARN_UNDECLARED_SELECTOR = YES;
				GCC_WARN_UNINITIALIZED_AUTOS = YES_AGGRESSIVE;
				GCC_WARN_UNUSED_FUNCTION = YES;
				GCC_WARN_UNUSED_VARIABLE = YES;
				IPHONEOS_DEPLOYMENT_TARGET = 26.0;
				LOCALIZATION_PREFERS_STRING_CATALOGS = YES;
				MTL_ENABLE_DEBUG_INFO = INCLUDE_SOURCE;
				MTL_FAST_MATH = YES;
				ONLY_ACTIVE_ARCH = YES;
				SDKROOT = iphoneos;
				SWIFT_ACTIVE_COMPILATION_CONDITIONS = "DEBUG $(inherited)";
				SWIFT_OPTIMIZATION_LEVEL = "-Onone";
			};
			name = Debug;
		};
		2E245C982E5316720085B958 /* Release */ = {
			isa = XCBuildConfiguration;
			buildSettings = {
				ALWAYS_SEARCH_USER_PATHS = NO;
				ASSETCATALOG_COMPILER_GENERATE_SWIFT_ASSET_SYMBOL_EXTENSIONS = YES;
				CLANG_ANALYZER_NONNULL = YES;
				CLANG_ANALYZER_NUMBER_OBJECT_CONVERSION = YES_AGGRESSIVE;
				CLANG_CXX_LANGUAGE_STANDARD = "gnu++20";
				CLANG_ENABLE_MODULES = YES;
				CLANG_ENABLE_OBJC_ARC = YES;
				CLANG_ENABLE_OBJC_WEAK = YES;
				CLANG_WARN_BLOCK_CAPTURE_AUTORELEASING = YES;
				CLANG_WARN_BOOL_CONVERSION = YES;
				CLANG_WARN_COMMA = YES;
				CLANG_WARN_CONSTANT_CONVERSION = YES;
				CLANG_WARN_DEPRECATED_OBJC_IMPLEMENTATIONS = YES;
				CLANG_WARN_DIRECT_OBJC_ISA_USAGE = YES_ERROR;
				CLANG_WARN_DOCUMENTATION_COMMENTS = YES;
				CLANG_WARN_EMPTY_BODY = YES;
				CLANG_WARN_ENUM_CONVERSION = YES;
				CLANG_WARN_INFINITE_RECURSION = YES;
				CLANG_WARN_INT_CONVERSION = YES;
				CLANG_WARN_NON_LITERAL_NULL_CONVERSION = YES;
				CLANG_WARN_OBJC_IMPLICIT_RETAIN_SELF = YES;
				CLANG_WARN_OBJC_LITERAL_CONVERSION = YES;
				CLANG_WARN_OBJC_ROOT_CLASS = YES_ERROR;
				CLANG_WARN_QUOTED_INCLUDE_IN_FRAMEWORK_HEADER = YES;
				CLANG_WARN_RANGE_LOOP_ANALYSIS = YES;
				CLANG_WARN_STRICT_PROTOTYPES = YES;
				CLANG_WARN_SUSPICIOUS_MOVE = YES;
				CLANG_WARN_UNGUARDED_AVAILABILITY = YES_AGGRESSIVE;
				CLANG_WARN_UNREACHABLE_CODE = YES;
				CLANG_WARN__DUPLICATE_METHOD_MATCH = YES;
				COPY_PHASE_STRIP = NO;
				DEBUG_INFORMATION_FORMAT = "dwarf-with-dsym";
				DEVELOPMENT_TEAM = 7K76YFF2Z8;
				ENABLE_NS_ASSERTIONS = NO;
				ENABLE_STRICT_OBJC_MSGSEND = YES;
				ENABLE_USER_SCRIPT_SANDBOXING = NO;
				GCC_C_LANGUAGE_STANDARD = gnu17;
				GCC_NO_COMMON_BLOCKS = YES;
				GCC_WARN_64_TO_32_BIT_CONVERSION = YES;
				GCC_WARN_ABOUT_RETURN_TYPE = YES_ERROR;
				GCC_WARN_UNDECLARED_SELECTOR = YES;
				GCC_WARN_UNINITIALIZED_AUTOS = YES_AGGRESSIVE;
				GCC_WARN_UNUSED_FUNCTION = YES;
				GCC_WARN_UNUSED_VARIABLE = YES;
				IPHONEOS_DEPLOYMENT_TARGET = 26.0;
				LOCALIZATION_PREFERS_STRING_CATALOGS = YES;
				MTL_ENABLE_DEBUG_INFO = NO;
				MTL_FAST_MATH = YES;
				SDKROOT = iphoneos;
				SWIFT_COMPILATION_MODE = wholemodule;
				VALIDATE_PRODUCT = YES;
			};
			name = Release;
		};
		2E245C9A2E5316720085B958 /* Debug */ = {
			isa = XCBuildConfiguration;
			buildSettings = {
				BUNDLE_LOADER = "$(TEST_HOST)";
				CODE_SIGN_STYLE = Automatic;
				CURRENT_PROJECT_VERSION = 1;
				DEVELOPMENT_TEAM = 7K76YFF2Z8;
				GENERATE_INFOPLIST_FILE = YES;
				IPHONEOS_DEPLOYMENT_TARGET = 26.0;
				MARKETING_VERSION = 1.0;
				PRODUCT_BUNDLE_IDENTIFIER = com.arsnyan.GeoMemoriesTests;
				PRODUCT_NAME = "$(TARGET_NAME)";
				STRING_CATALOG_GENERATE_SYMBOLS = NO;
				SWIFT_APPROACHABLE_CONCURRENCY = YES;
				SWIFT_EMIT_LOC_STRINGS = NO;
				SWIFT_UPCOMING_FEATURE_MEMBER_IMPORT_VISIBILITY = YES;
				SWIFT_VERSION = 5.0;
				TARGETED_DEVICE_FAMILY = "1,2";
				TEST_HOST = "$(BUILT_PRODUCTS_DIR)/GeoMemories.app/$(BUNDLE_EXECUTABLE_FOLDER_PATH)/GeoMemories";
			};
			name = Debug;
		};
		2E245C9B2E5316720085B958 /* Release */ = {
			isa = XCBuildConfiguration;
			buildSettings = {
				BUNDLE_LOADER = "$(TEST_HOST)";
				CODE_SIGN_STYLE = Automatic;
				CURRENT_PROJECT_VERSION = 1;
				DEVELOPMENT_TEAM = 7K76YFF2Z8;
				GENERATE_INFOPLIST_FILE = YES;
				IPHONEOS_DEPLOYMENT_TARGET = 26.0;
				MARKETING_VERSION = 1.0;
				PRODUCT_BUNDLE_IDENTIFIER = com.arsnyan.GeoMemoriesTests;
				PRODUCT_NAME = "$(TARGET_NAME)";
				STRING_CATALOG_GENERATE_SYMBOLS = NO;
				SWIFT_APPROACHABLE_CONCURRENCY = YES;
				SWIFT_EMIT_LOC_STRINGS = NO;
				SWIFT_UPCOMING_FEATURE_MEMBER_IMPORT_VISIBILITY = YES;
				SWIFT_VERSION = 5.0;
				TARGETED_DEVICE_FAMILY = "1,2";
				TEST_HOST = "$(BUILT_PRODUCTS_DIR)/GeoMemories.app/$(BUNDLE_EXECUTABLE_FOLDER_PATH)/GeoMemories";
			};
			name = Release;
		};
		2E245C9D2E5316720085B958 /* Debug */ = {
			isa = XCBuildConfiguration;
			buildSettings = {
				CODE_SIGN_STYLE = Automatic;
				CURRENT_PROJECT_VERSION = 1;
				DEVELOPMENT_TEAM = 7K76YFF2Z8;
				GENERATE_INFOPLIST_FILE = YES;
				MARKETING_VERSION = 1.0;
				PRODUCT_BUNDLE_IDENTIFIER = com.arsnyan.GeoMemoriesUITests;
				PRODUCT_NAME = "$(TARGET_NAME)";
				STRING_CATALOG_GENERATE_SYMBOLS = NO;
				SWIFT_APPROACHABLE_CONCURRENCY = YES;
				SWIFT_EMIT_LOC_STRINGS = NO;
				SWIFT_UPCOMING_FEATURE_MEMBER_IMPORT_VISIBILITY = YES;
				SWIFT_VERSION = 5.0;
				TARGETED_DEVICE_FAMILY = "1,2";
				TEST_TARGET_NAME = GeoMemories;
			};
			name = Debug;
		};
		2E245C9E2E5316720085B958 /* Release */ = {
			isa = XCBuildConfiguration;
			buildSettings = {
				CODE_SIGN_STYLE = Automatic;
				CURRENT_PROJECT_VERSION = 1;
				DEVELOPMENT_TEAM = 7K76YFF2Z8;
				GENERATE_INFOPLIST_FILE = YES;
				MARKETING_VERSION = 1.0;
				PRODUCT_BUNDLE_IDENTIFIER = com.arsnyan.GeoMemoriesUITests;
				PRODUCT_NAME = "$(TARGET_NAME)";
				STRING_CATALOG_GENERATE_SYMBOLS = NO;
				SWIFT_APPROACHABLE_CONCURRENCY = YES;
				SWIFT_EMIT_LOC_STRINGS = NO;
				SWIFT_UPCOMING_FEATURE_MEMBER_IMPORT_VISIBILITY = YES;
				SWIFT_VERSION = 5.0;
				TARGETED_DEVICE_FAMILY = "1,2";
				TEST_TARGET_NAME = GeoMemories;
			};
			name = Release;
		};
/* End XCBuildConfiguration section */

/* Begin XCConfigurationList section */
		2E245C662E5316710085B958 /* Build configuration list for PBXProject "GeoMemories" */ = {
			isa = XCConfigurationList;
			buildConfigurations = (
				2E245C972E5316720085B958 /* Debug */,
				2E245C982E5316720085B958 /* Release */,
			);
			defaultConfigurationIsVisible = 0;
			defaultConfigurationName = Release;
		};
		2E245C942E5316720085B958 /* Build configuration list for PBXNativeTarget "GeoMemories" */ = {
			isa = XCConfigurationList;
			buildConfigurations = (
				2E245C952E5316720085B958 /* Debug */,
				2E245C962E5316720085B958 /* Release */,
			);
			defaultConfigurationIsVisible = 0;
			defaultConfigurationName = Release;
		};
		2E245C992E5316720085B958 /* Build configuration list for PBXNativeTarget "GeoMemoriesTests" */ = {
			isa = XCConfigurationList;
			buildConfigurations = (
				2E245C9A2E5316720085B958 /* Debug */,
				2E245C9B2E5316720085B958 /* Release */,
			);
			defaultConfigurationIsVisible = 0;
			defaultConfigurationName = Release;
		};
		2E245C9C2E5316720085B958 /* Build configuration list for PBXNativeTarget "GeoMemoriesUITests" */ = {
			isa = XCConfigurationList;
			buildConfigurations = (
				2E245C9D2E5316720085B958 /* Debug */,
				2E245C9E2E5316720085B958 /* Release */,
			);
			defaultConfigurationIsVisible = 0;
			defaultConfigurationName = Release;
		};
/* End XCConfigurationList section */

/* Begin XCRemoteSwiftPackageReference section */
		2E245CB52E531C120085B958 /* XCRemoteSwiftPackageReference "KeychainAccess" */ = {
			isa = XCRemoteSwiftPackageReference;
			repositoryURL = "https://github.com/kishikawakatsumi/KeychainAccess.git";
			requirement = {
				branch = master;
				kind = branch;
			};
		};
		2E245CB82E531C540085B958 /* XCRemoteSwiftPackageReference "SwiftLintPlugins" */ = {
			isa = XCRemoteSwiftPackageReference;
			repositoryURL = "https://github.com/SimplyDanny/SwiftLintPlugins";
			requirement = {
				kind = upToNextMinorVersion;
				minimumVersion = 0.59.1;
			};
		};
		2E245CB92E531F860085B958 /* XCRemoteSwiftPackageReference "SnapKit" */ = {
			isa = XCRemoteSwiftPackageReference;
			repositoryURL = "https://github.com/SnapKit/SnapKit.git";
			requirement = {
				kind = upToNextMajorVersion;
				minimumVersion = 5.7.1;
			};
		};
		2E245CBF2E5321A70085B958 /* XCRemoteSwiftPackageReference "CoreStore" */ = {
			isa = XCRemoteSwiftPackageReference;
			repositoryURL = "https://github.com/JohnEstropia/CoreStore.git";
			requirement = {
				kind = upToNextMajorVersion;
				minimumVersion = 9.3.0;
			};
		};
/* End XCRemoteSwiftPackageReference section */

/* Begin XCSwiftPackageProductDependency section */
		2E245CB62E531C120085B958 /* KeychainAccess */ = {
			isa = XCSwiftPackageProductDependency;
			package = 2E245CB52E531C120085B958 /* XCRemoteSwiftPackageReference "KeychainAccess" */;
			productName = KeychainAccess;
		};
		2E245CBA2E531F860085B958 /* SnapKit */ = {
			isa = XCSwiftPackageProductDependency;
			package = 2E245CB92E531F860085B958 /* XCRemoteSwiftPackageReference "SnapKit" */;
			productName = SnapKit;
		};
		2E245CC02E5321A70085B958 /* CoreStore */ = {
			isa = XCSwiftPackageProductDependency;
			package = 2E245CBF2E5321A70085B958 /* XCRemoteSwiftPackageReference "CoreStore" */;
			productName = CoreStore;
		};
		2E245CC22E53242A0085B958 /* SwiftLintBuildToolPlugin */ = {
			isa = XCSwiftPackageProductDependency;
			package = 2E245CB82E531C540085B958 /* XCRemoteSwiftPackageReference "SwiftLintPlugins" */;
			productName = "plugin:SwiftLintBuildToolPlugin";
		};
/* End XCSwiftPackageProductDependency section */
	};
	rootObject = 2E245C632E5316710085B958 /* Project object */;
}
